
Microsoft Visual Studio Solution File, Format Version 12.00
# Visual Studio Version 17
VisualStudioVersion = 17.12.35527.113
MinimumVisualStudioVersion = 10.0.40219.1
Project("{FAE04EC0-301F-11D3-BF4B-00C04F79EFBC}") = "ConsoleClient", "ConsoleClient\ConsoleClient.csproj", "{CEC2245E-C976-45C2-8E06-DFBA25B4C436}"
EndProject
Project("{2150E333-8FDC-42A3-9474-1A3956D46DE8}") = "Solution Items", "Solution Items", "{3141BB60-E0E7-4A6F-AE9F-5044DA78F5DC}"
	ProjectSection(SolutionItems) = preProject
		NdepndRuleFile.ndrules = NdepndRuleFile.ndrules
		OW_Feb_25.ndproj = OW_Feb_25.ndproj
	EndProjectSection
EndProject
Global
	GlobalSection(SolutionConfigurationPlatforms) = preSolution
		Debug|Any CPU = Debug|Any CPU
		Release|Any CPU = Release|Any CPU
	EndGlobalSection
	GlobalSection(ProjectConfigurationPlatforms) = postSolution
		{CEC2245E-C976-45C2-8E06-DFBA25B4C436}.Debug|Any CPU.ActiveCfg = Debug|Any CPU
		{CEC2245E-C976-45C2-8E06-DFBA25B4C436}.Debug|Any CPU.Build.0 = Debug|Any CPU
		{CEC2245E-C976-45C2-8E06-DFBA25B4C436}.Release|Any CPU.ActiveCfg = Release|Any CPU
		{CEC2245E-C976-45C2-8E06-DFBA25B4C436}.Release|Any CPU.Build.0 = Release|Any CPU
	EndGlobalSection
	GlobalSection(SolutionProperties) = preSolution
		HideSolutionNode = FALSE
	EndGlobalSection
EndGlobal
